PODS:
  - FlutterMacOS (1.0.0)
  - HydraAsync (2.0.6)
  - package_info_plus (0.0.1):
    - FlutterMacOS
  - path_provider_foundation (0.0.1):
    - Flutter
    - FlutterMacOS
  - tencent_cloud_chat_sdk (7.0.0):
    - FlutterMacOS
    - HydraAsync
    - TXIMSDK_Plus_Mac (>= 7.9.5666)
  - TXIMSDK_Plus_Mac (7.9.5666)

DEPENDENCIES:
  - FlutterMacOS (from `Flutter/ephemeral`)
  - package_info_plus (from `Flutter/ephemeral/.symlinks/plugins/package_info_plus/macos`)
  - path_provider_foundation (from `Flutter/ephemeral/.symlinks/plugins/path_provider_foundation/darwin`)
  - tencent_cloud_chat_sdk (from `Flutter/ephemeral/.symlinks/plugins/tencent_cloud_chat_sdk/macos`)

SPEC REPOS:
  trunk:
    - HydraAsync
    - TXIMSDK_Plus_Mac

EXTERNAL SOURCES:
  FlutterMacOS:
    :path: Flutter/ephemeral
  package_info_plus:
    :path: Flutter/ephemeral/.symlinks/plugins/package_info_plus/macos
  path_provider_foundation:
    :path: Flutter/ephemeral/.symlinks/plugins/path_provider_foundation/darwin
  tencent_cloud_chat_sdk:
    :path: Flutter/ephemeral/.symlinks/plugins/tencent_cloud_chat_sdk/macos

SPEC CHECKSUMS:
  FlutterMacOS: 8f6f14fa908a6fb3fba0cd85dbd81ec4b251fb24
  HydraAsync: 8d589bd725b0224f899afafc9a396327405f8063
  package_info_plus: 02d7a575e80f194102bef286361c6c326e4c29ce
  path_provider_foundation: 3784922295ac71e43754bd15e0653ccfd36a147c
  tencent_cloud_chat_sdk: 9b98eb3dc7bee6d63a95a155a6ed69ce5c29d8ff
  TXIMSDK_Plus_Mac: 7a82e7602e894c706bb9b61bd78f0b7b2cf69281

PODFILE CHECKSUM: 236401fc2c932af29a9fcf0e97baeeb2d750d367

COCOAPODS: 1.15.2
